dependencies:
- name: pisethbank-common
  repository: file://../../banking-common
  version: 0.1.0
- name: configserver
  repository: file://../../banking-services/configserver
  version: 0.1.0
- name: eurekaserver
  repository: file://../../banking-services/eurekaserver
  version: 0.1.0
- name: account
  repository: file://../../banking-services/account
  version: 0.1.0
- name: card
  repository: file://../../banking-services/card
  version: 0.1.0
- name: loan
  repository: file://../../banking-services/loan
  version: 0.1.0
- name: gatewayserver
  repository: file://../../banking-services/gatewayserver
  version: 0.1.0
- name: message
  repository: file://../../banking-services/message
  version: 0.1.0
digest: sha256:ac40a56da60b8f87327b4cabf7106697fe6342f7ebd96d166d495ad1a66e145b
generated: "2026-05-11T13:54:04.6024626+07:00"
