dependencies:
- name: banking-common
  repository: file://../../banking-common
  version: 0.1.0
- name: configserver
  repository: file://../../banking-services/configserver
  version: 0.1.0
- name: eurekaserver
  repository: file://../../banking-services/eurekaserver
  version: 0.1.0
- name: account
  repository: file://../../banking-services/account
  version: 0.1.0
- name: card
  repository: file://../../banking-services/card
  version: 0.1.0
- name: loan
  repository: file://../../banking-services/loan
  version: 0.1.0
- name: gatewayserver
  repository: file://../../banking-services/gatewayserver
  version: 0.1.0
- name: message
  repository: file://../../banking-services/message
  version: 0.1.0
digest: sha256:f0e4ee4c4be1f0bd6e97b14950799a885ed2bf3879ffcd622edeced72a81bfdf
generated: "2026-05-11T14:32:14.4421735+07:00"
